
Microsoft Visual Studio Solution File, Format Version 12.00
# Visual Studio Version 16
VisualStudioVersion = 16.0.30804.86
MinimumVisualStudioVersion = 10.0.40219.1
Project("{FAE04EC0-301F-11D3-BF4B-00C04F79EFBC}") = "PopUps.Android", "PopUps\PopUps.Android\PopUps.Android.csproj", "{4E98DD79-7948-414D-AB7D-EDA766041012}"
EndProject
Project("{FAE04EC0-301F-11D3-BF4B-00C04F79EFBC}") = "PopUps.iOS", "PopUps\PopUps.iOS\PopUps.iOS.csproj", "{536E9756-EB4D-4757-9F24-BA48AF2595FE}"
EndProject
Project("{FAE04EC0-301F-11D3-BF4B-00C04F79EFBC}") = "PopUps", "PopUps\PopUps\PopUps.csproj", "{2A1A2E5F-79BF-4626-8306-05B8422CFE96}"
EndProject
Global
	GlobalSection(SolutionConfigurationPlatforms) = preSolution
		Debug|Any CPU = Debug|Any CPU
		Debug|iPhone = Debug|iPhone
		Debug|iPhoneSimulator = Debug|iPhoneSimulator
		Release|Any CPU = Release|Any CPU
		Release|iPhone = Release|iPhone
		Release|iPhoneSimulator = Release|iPhoneSimulator
	EndGlobalSection
	GlobalSection(ProjectConfigurationPlatforms) = postSolution
		{4E98DD79-7948-414D-AB7D-EDA766041012}.Debug|Any CPU.ActiveCfg = Debug|Any CPU
		{4E98DD79-7948-414D-AB7D-EDA766041012}.Debug|Any CPU.Build.0 = Debug|Any CPU
		{4E98DD79-7948-414D-AB7D-EDA766041012}.Debug|Any CPU.Deploy.0 = Debug|Any CPU
		{4E98DD79-7948-414D-AB7D-EDA766041012}.Debug|iPhone.ActiveCfg = Debug|Any CPU
		{4E98DD79-7948-414D-AB7D-EDA766041012}.Debug|iPhone.Build.0 = Debug|Any CPU
		{4E98DD79-7948-414D-AB7D-EDA766041012}.Debug|iPhone.Deploy.0 = Debug|Any CPU
		{4E98DD79-7948-414D-AB7D-EDA766041012}.Debug|iPhoneSimulator.ActiveCfg = Debug|Any CPU
		{4E98DD79-7948-414D-AB7D-EDA766041012}.Debug|iPhoneSimulator.Build.0 = Debug|Any CPU
		{4E98DD79-7948-414D-AB7D-EDA766041012}.Debug|iPhoneSimulator.Deploy.0 = Debug|Any CPU
		{4E98DD79-7948-414D-AB7D-EDA766041012}.Release|Any CPU.ActiveCfg = Release|Any CPU
		{4E98DD79-7948-414D-AB7D-EDA766041012}.Release|Any CPU.Build.0 = Release|Any CPU
		{4E98DD79-7948-414D-AB7D-EDA766041012}.Release|Any CPU.Deploy.0 = Release|Any CPU
		{4E98DD79-7948-414D-AB7D-EDA766041012}.Release|iPhone.ActiveCfg = Release|Any CPU
		{4E98DD79-7948-414D-AB7D-EDA766041012}.Release|iPhone.Build.0 = Release|Any CPU
		{4E98DD79-7948-414D-AB7D-EDA766041012}.Release|iPhone.Deploy.0 = Release|Any CPU
		{4E98DD79-7948-414D-AB7D-EDA766041012}.Release|iPhoneSimulator.ActiveCfg = Release|Any CPU
		{4E98DD79-7948-414D-AB7D-EDA766041012}.Release|iPhoneSimulator.Build.0 = Release|Any CPU
		{4E98DD79-7948-414D-AB7D-EDA766041012}.Release|iPhoneSimulator.Deploy.0 = Release|Any CPU
		{536E9756-EB4D-4757-9F24-BA48AF2595FE}.Debug|Any CPU.ActiveCfg = Debug|iPhone
		{536E9756-EB4D-4757-9F24-BA48AF2595FE}.Debug|Any CPU.Build.0 = Debug|iPhone
		{536E9756-EB4D-4757-9F24-BA48AF2595FE}.Debug|Any CPU.Deploy.0 = Debug|iPhone
		{536E9756-EB4D-4757-9F24-BA48AF2595FE}.Debug|iPhone.ActiveCfg = Debug|iPhone
		{536E9756-EB4D-4757-9F24-BA48AF2595FE}.Debug|iPhone.Build.0 = Debug|iPhone
		{536E9756-EB4D-4757-9F24-BA48AF2595FE}.Debug|iPhone.Deploy.0 = Debug|iPhone
		{536E9756-EB4D-4757-9F24-BA48AF2595FE}.Debug|iPhoneSimulator.ActiveCfg = Debug|iPhoneSimulator
		{536E9756-EB4D-4757-9F24-BA48AF2595FE}.Debug|iPhoneSimulator.Build.0 = Debug|iPhoneSimulator
		{536E9756-EB4D-4757-9F24-BA48AF2595FE}.Debug|iPhoneSimulator.Deploy.0 = Debug|iPhoneSimulator
		{536E9756-EB4D-4757-9F24-BA48AF2595FE}.Release|Any CPU.ActiveCfg = Release|iPhoneSimulator
		{536E9756-EB4D-4757-9F24-BA48AF2595FE}.Release|Any CPU.Build.0 = Release|iPhoneSimulator
		{536E9756-EB4D-4757-9F24-BA48AF2595FE}.Release|Any CPU.Deploy.0 = Release|iPhoneSimulator
		{536E9756-EB4D-4757-9F24-BA48AF2595FE}.Release|iPhone.ActiveCfg = Release|iPhone
		{536E9756-EB4D-4757-9F24-BA48AF2595FE}.Release|iPhone.Build.0 = Release|iPhone
		{536E9756-EB4D-4757-9F24-BA48AF2595FE}.Release|iPhone.Deploy.0 = Release|iPhone
		{536E9756-EB4D-4757-9F24-BA48AF2595FE}.Release|iPhoneSimulator.ActiveCfg = Release|iPhoneSimulator
		{536E9756-EB4D-4757-9F24-BA48AF2595FE}.Release|iPhoneSimulator.Build.0 = Release|iPhoneSimulator
		{536E9756-EB4D-4757-9F24-BA48AF2595FE}.Release|iPhoneSimulator.Deploy.0 = Release|iPhoneSimulator
		{2A1A2E5F-79BF-4626-8306-05B8422CFE96}.Debug|Any CPU.ActiveCfg = Debug|Any CPU
		{2A1A2E5F-79BF-4626-8306-05B8422CFE96}.Debug|Any CPU.Build.0 = Debug|Any CPU
		{2A1A2E5F-79BF-4626-8306-05B8422CFE96}.Debug|Any CPU.Deploy.0 = Debug|Any CPU
		{2A1A2E5F-79BF-4626-8306-05B8422CFE96}.Debug|iPhone.ActiveCfg = Debug|Any CPU
		{2A1A2E5F-79BF-4626-8306-05B8422CFE96}.Debug|iPhone.Build.0 = Debug|Any CPU
		{2A1A2E5F-79BF-4626-8306-05B8422CFE96}.Debug|iPhone.Deploy.0 = Debug|Any CPU
		{2A1A2E5F-79BF-4626-8306-05B8422CFE96}.Debug|iPhoneSimulator.ActiveCfg = Debug|Any CPU
		{2A1A2E5F-79BF-4626-8306-05B8422CFE96}.Debug|iPhoneSimulator.Build.0 = Debug|Any CPU
		{2A1A2E5F-79BF-4626-8306-05B8422CFE96}.Debug|iPhoneSimulator.Deploy.0 = Debug|Any CPU
		{2A1A2E5F-79BF-4626-8306-05B8422CFE96}.Release|Any CPU.ActiveCfg = Release|Any CPU
		{2A1A2E5F-79BF-4626-8306-05B8422CFE96}.Release|Any CPU.Build.0 = Release|Any CPU
		{2A1A2E5F-79BF-4626-8306-05B8422CFE96}.Release|Any CPU.Deploy.0 = Release|Any CPU
		{2A1A2E5F-79BF-4626-8306-05B8422CFE96}.Release|iPhone.ActiveCfg = Release|Any CPU
		{2A1A2E5F-79BF-4626-8306-05B8422CFE96}.Release|iPhone.Build.0 = Release|Any CPU
		{2A1A2E5F-79BF-4626-8306-05B8422CFE96}.Release|iPhone.Deploy.0 = Release|Any CPU
		{2A1A2E5F-79BF-4626-8306-05B8422CFE96}.Release|iPhoneSimulator.ActiveCfg = Release|Any CPU
		{2A1A2E5F-79BF-4626-8306-05B8422CFE96}.Release|iPhoneSimulator.Build.0 = Release|Any CPU
		{2A1A2E5F-79BF-4626-8306-05B8422CFE96}.Release|iPhoneSimulator.Deploy.0 = Release|Any CPU
	EndGlobalSection
	GlobalSection(SolutionProperties) = preSolution
		HideSolutionNode = FALSE
	EndGlobalSection
	GlobalSection(ExtensibilityGlobals) = postSolution
		SolutionGuid = {E5421726-88F9-42CC-8579-D70C848D2040}
	EndGlobalSection
EndGlobal
